
Microsoft Visual Studio Solution File, Format Version 12.00
# Visual Studio 14
VisualStudioVersion = 14.0.23107.0
MinimumVisualStudioVersion = 10.0.40219.1
Project("{F2A71F9B-5D33-465A-A702-920D77279786}") = "AreaDoHexagono", "ConsoleApplication1\AreaDoHexagono.fsproj", "{CC1870E0-BD7A-4DA4-BD94-540DFAE279DA}"
EndProject
Project("{F2A71F9B-5D33-465A-A702-920D77279786}") = "VolumeCilindro", "VolumeCilindro\VolumeCilindro.fsproj", "{6937EDEB-ED30-4A57-999F-39857911097A}"
EndProject
Project("{F2A71F9B-5D33-465A-A702-920D77279786}") = "Loopings", "Loopings\Loopings.fsproj", "{8F767FEB-6517-4985-A26B-1FCE986A704B}"
EndProject
Project("{F2A71F9B-5D33-465A-A702-920D77279786}") = "Fibonacci", "Fibonacci\Fibonacci.fsproj", "{F29975DB-1E4E-4DBF-89D2-32EABE79B35E}"
EndProject
Project("{2150E333-8FDC-42A3-9474-1A3956D46DE8}") = "Modulo2", "Modulo2", "{0EDE3608-E510-4330-BFA7-705D8EBCA4D4}"
EndProject
Project("{2150E333-8FDC-42A3-9474-1A3956D46DE8}") = "Modulo1", "Modulo1", "{AA6F7A6A-ABAA-4E0D-8BCE-B3D4F17818A2}"
EndProject
Project("{F2A71F9B-5D33-465A-A702-920D77279786}") = "Module2Problem", "Module2Problem\Module2Problem.fsproj", "{7221BD9D-F908-4F5C-8E07-AFD1DEEBAC9B}"
EndProject
Project("{2150E333-8FDC-42A3-9474-1A3956D46DE8}") = "Modulo3", "Modulo3", "{D3017E35-757F-49C1-A70E-FEA012AD76FD}"
EndProject
Project("{F2A71F9B-5D33-465A-A702-920D77279786}") = "FibonnaciSequence", "FibonnaciSequence\FibonnaciSequence.fsproj", "{0014C856-D60D-4F44-8FBC-FB18F4DC250A}"
EndProject
Project("{F2A71F9B-5D33-465A-A702-920D77279786}") = "Module3Task1", "Module3Task1\Module3Task1.fsproj", "{98BC087D-3008-4AFA-91EA-C3C2E601220B}"
EndProject
Project("{F2A71F9B-5D33-465A-A702-920D77279786}") = "Module3Koan", "Module3Koan\Module3Koan.fsproj", "{8B613C6D-2F49-4F69-8D96-BF2E69395EFC}"
EndProject
Project("{F2A71F9B-5D33-465A-A702-920D77279786}") = "Module3Problem", "Module3Problem\Module3Problem.fsproj", "{265034AF-89AE-4548-9031-A662FD6C9594}"
EndProject
Project("{2150E333-8FDC-42A3-9474-1A3956D46DE8}") = "Modulo4", "Modulo4", "{2F280754-74D2-427C-A4C6-E52E167A9745}"
EndProject
Project("{F2A71F9B-5D33-465A-A702-920D77279786}") = "FibonnaciFuncional", "FibonnaciFuncional\FibonnaciFuncional.fsproj", "{87B832A0-632E-45A7-9A8D-5C9FA4E8C644}"
EndProject
Project("{F2A71F9B-5D33-465A-A702-920D77279786}") = "IOTest", "IOTest\IOTest.fsproj", "{D812973D-F9D4-477D-A3D0-6EC23BF0E63F}"
EndProject
Project("{F2A71F9B-5D33-465A-A702-920D77279786}") = "Module4Practice", "Module4Practice\Module4Practice.fsproj", "{9960EA6D-830E-4D61-97E4-B10E3F7617CE}"
EndProject
Project("{F2A71F9B-5D33-465A-A702-920D77279786}") = "Module4Problem", "Module4Problem\Module4Problem.fsproj", "{596C7341-0DB2-4A40-A093-6D6D62DB231B}"
EndProject
Global
	GlobalSection(SolutionConfigurationPlatforms) = preSolution
		Debug|Any CPU = Debug|Any CPU
		Release|Any CPU = Release|Any CPU
	EndGlobalSection
	GlobalSection(ProjectConfigurationPlatforms) = postSolution
		{CC1870E0-BD7A-4DA4-BD94-540DFAE279DA}.Debug|Any CPU.ActiveCfg = Debug|Any CPU
		{CC1870E0-BD7A-4DA4-BD94-540DFAE279DA}.Debug|Any CPU.Build.0 = Debug|Any CPU
		{CC1870E0-BD7A-4DA4-BD94-540DFAE279DA}.Release|Any CPU.ActiveCfg = Release|Any CPU
		{CC1870E0-BD7A-4DA4-BD94-540DFAE279DA}.Release|Any CPU.Build.0 = Release|Any CPU
		{6937EDEB-ED30-4A57-999F-39857911097A}.Debug|Any CPU.ActiveCfg = Debug|Any CPU
		{6937EDEB-ED30-4A57-999F-39857911097A}.Debug|Any CPU.Build.0 = Debug|Any CPU
		{6937EDEB-ED30-4A57-999F-39857911097A}.Release|Any CPU.ActiveCfg = Release|Any CPU
		{6937EDEB-ED30-4A57-999F-39857911097A}.Release|Any CPU.Build.0 = Release|Any CPU
		{8F767FEB-6517-4985-A26B-1FCE986A704B}.Debug|Any CPU.ActiveCfg = Debug|Any CPU
		{8F767FEB-6517-4985-A26B-1FCE986A704B}.Debug|Any CPU.Build.0 = Debug|Any CPU
		{8F767FEB-6517-4985-A26B-1FCE986A704B}.Release|Any CPU.ActiveCfg = Release|Any CPU
		{8F767FEB-6517-4985-A26B-1FCE986A704B}.Release|Any CPU.Build.0 = Release|Any CPU
		{F29975DB-1E4E-4DBF-89D2-32EABE79B35E}.Debug|Any CPU.ActiveCfg = Debug|Any CPU
		{F29975DB-1E4E-4DBF-89D2-32EABE79B35E}.Debug|Any CPU.Build.0 = Debug|Any CPU
		{F29975DB-1E4E-4DBF-89D2-32EABE79B35E}.Release|Any CPU.ActiveCfg = Release|Any CPU
		{F29975DB-1E4E-4DBF-89D2-32EABE79B35E}.Release|Any CPU.Build.0 = Release|Any CPU
		{7221BD9D-F908-4F5C-8E07-AFD1DEEBAC9B}.Debug|Any CPU.ActiveCfg = Debug|Any CPU
		{7221BD9D-F908-4F5C-8E07-AFD1DEEBAC9B}.Debug|Any CPU.Build.0 = Debug|Any CPU
		{7221BD9D-F908-4F5C-8E07-AFD1DEEBAC9B}.Release|Any CPU.ActiveCfg = Release|Any CPU
		{7221BD9D-F908-4F5C-8E07-AFD1DEEBAC9B}.Release|Any CPU.Build.0 = Release|Any CPU
		{0014C856-D60D-4F44-8FBC-FB18F4DC250A}.Debug|Any CPU.ActiveCfg = Debug|Any CPU
		{0014C856-D60D-4F44-8FBC-FB18F4DC250A}.Debug|Any CPU.Build.0 = Debug|Any CPU
		{0014C856-D60D-4F44-8FBC-FB18F4DC250A}.Release|Any CPU.ActiveCfg = Release|Any CPU
		{0014C856-D60D-4F44-8FBC-FB18F4DC250A}.Release|Any CPU.Build.0 = Release|Any CPU
		{98BC087D-3008-4AFA-91EA-C3C2E601220B}.Debug|Any CPU.ActiveCfg = Debug|Any CPU
		{98BC087D-3008-4AFA-91EA-C3C2E601220B}.Debug|Any CPU.Build.0 = Debug|Any CPU
		{98BC087D-3008-4AFA-91EA-C3C2E601220B}.Release|Any CPU.ActiveCfg = Release|Any CPU
		{98BC087D-3008-4AFA-91EA-C3C2E601220B}.Release|Any CPU.Build.0 = Release|Any CPU
		{8B613C6D-2F49-4F69-8D96-BF2E69395EFC}.Debug|Any CPU.ActiveCfg = Debug|Any CPU
		{8B613C6D-2F49-4F69-8D96-BF2E69395EFC}.Debug|Any CPU.Build.0 = Debug|Any CPU
		{8B613C6D-2F49-4F69-8D96-BF2E69395EFC}.Release|Any CPU.ActiveCfg = Release|Any CPU
		{8B613C6D-2F49-4F69-8D96-BF2E69395EFC}.Release|Any CPU.Build.0 = Release|Any CPU
		{265034AF-89AE-4548-9031-A662FD6C9594}.Debug|Any CPU.ActiveCfg = Debug|Any CPU
		{265034AF-89AE-4548-9031-A662FD6C9594}.Debug|Any CPU.Build.0 = Debug|Any CPU
		{265034AF-89AE-4548-9031-A662FD6C9594}.Release|Any CPU.ActiveCfg = Release|Any CPU
		{265034AF-89AE-4548-9031-A662FD6C9594}.Release|Any CPU.Build.0 = Release|Any CPU
		{87B832A0-632E-45A7-9A8D-5C9FA4E8C644}.Debug|Any CPU.ActiveCfg = Debug|Any CPU
		{87B832A0-632E-45A7-9A8D-5C9FA4E8C644}.Debug|Any CPU.Build.0 = Debug|Any CPU
		{87B832A0-632E-45A7-9A8D-5C9FA4E8C644}.Release|Any CPU.ActiveCfg = Release|Any CPU
		{87B832A0-632E-45A7-9A8D-5C9FA4E8C644}.Release|Any CPU.Build.0 = Release|Any CPU
		{D812973D-F9D4-477D-A3D0-6EC23BF0E63F}.Debug|Any CPU.ActiveCfg = Debug|Any CPU
		{D812973D-F9D4-477D-A3D0-6EC23BF0E63F}.Debug|Any CPU.Build.0 = Debug|Any CPU
		{D812973D-F9D4-477D-A3D0-6EC23BF0E63F}.Release|Any CPU.ActiveCfg = Release|Any CPU
		{D812973D-F9D4-477D-A3D0-6EC23BF0E63F}.Release|Any CPU.Build.0 = Release|Any CPU
		{9960EA6D-830E-4D61-97E4-B10E3F7617CE}.Debug|Any CPU.ActiveCfg = Debug|Any CPU
		{9960EA6D-830E-4D61-97E4-B10E3F7617CE}.Debug|Any CPU.Build.0 = Debug|Any CPU
		{9960EA6D-830E-4D61-97E4-B10E3F7617CE}.Release|Any CPU.ActiveCfg = Release|Any CPU
		{9960EA6D-830E-4D61-97E4-B10E3F7617CE}.Release|Any CPU.Build.0 = Release|Any CPU
		{596C7341-0DB2-4A40-A093-6D6D62DB231B}.Debug|Any CPU.ActiveCfg = Debug|Any CPU
		{596C7341-0DB2-4A40-A093-6D6D62DB231B}.Debug|Any CPU.Build.0 = Debug|Any CPU
		{596C7341-0DB2-4A40-A093-6D6D62DB231B}.Release|Any CPU.ActiveCfg = Release|Any CPU
		{596C7341-0DB2-4A40-A093-6D6D62DB231B}.Release|Any CPU.Build.0 = Release|Any CPU
	EndGlobalSection
	GlobalSection(SolutionProperties) = preSolution
		HideSolutionNode = FALSE
	EndGlobalSection
	GlobalSection(NestedProjects) = preSolution
		{CC1870E0-BD7A-4DA4-BD94-540DFAE279DA} = {AA6F7A6A-ABAA-4E0D-8BCE-B3D4F17818A2}
		{6937EDEB-ED30-4A57-999F-39857911097A} = {AA6F7A6A-ABAA-4E0D-8BCE-B3D4F17818A2}
		{8F767FEB-6517-4985-A26B-1FCE986A704B} = {0EDE3608-E510-4330-BFA7-705D8EBCA4D4}
		{F29975DB-1E4E-4DBF-89D2-32EABE79B35E} = {0EDE3608-E510-4330-BFA7-705D8EBCA4D4}
		{7221BD9D-F908-4F5C-8E07-AFD1DEEBAC9B} = {0EDE3608-E510-4330-BFA7-705D8EBCA4D4}
		{0014C856-D60D-4F44-8FBC-FB18F4DC250A} = {D3017E35-757F-49C1-A70E-FEA012AD76FD}
		{98BC087D-3008-4AFA-91EA-C3C2E601220B} = {D3017E35-757F-49C1-A70E-FEA012AD76FD}
		{8B613C6D-2F49-4F69-8D96-BF2E69395EFC} = {D3017E35-757F-49C1-A70E-FEA012AD76FD}
		{265034AF-89AE-4548-9031-A662FD6C9594} = {D3017E35-757F-49C1-A70E-FEA012AD76FD}
		{87B832A0-632E-45A7-9A8D-5C9FA4E8C644} = {2F280754-74D2-427C-A4C6-E52E167A9745}
		{D812973D-F9D4-477D-A3D0-6EC23BF0E63F} = {2F280754-74D2-427C-A4C6-E52E167A9745}
		{9960EA6D-830E-4D61-97E4-B10E3F7617CE} = {2F280754-74D2-427C-A4C6-E52E167A9745}
		{596C7341-0DB2-4A40-A093-6D6D62DB231B} = {2F280754-74D2-427C-A4C6-E52E167A9745}
	EndGlobalSection
EndGlobal
